{
    "name": "day17",
    "version": "1.0.0",
    "lockfileVersion": 1,
    "requires": true,
    "dependencies": {
        "@types/lodash": {
            "version": "4.14.170",
            "resolved": "https://registry.nlark.com/@types/lodash/download/@types/lodash-4.14.170.tgz",
            "integrity": "sha1-DWdxHUv39MpRR+kJG4R0ebh5JdY=",
            "dev": true
        },
        "lodash": {
            "version": "4.17.21",
            "resolved": "https://registry.npm.taobao.org/lodash/download/lodash-4.17.21.tgz",
            "integrity": "sha1-Z5WRxWTDv/quhFTPCz3zcMPWkRw="
        }
    }
}
